
Microsoft Visual Studio Solution File, Format Version 12.00
# Visual Studio Version 18
VisualStudioVersion = 18.4.11626.88 stable
MinimumVisualStudioVersion = 10.0.40219.1
Project("{FAE04EC0-301F-11D3-BF4B-00C04F79EFBC}") = "Osbb.InvoiceGenerator", "Osbb.InvoiceGenerator.csproj", "{EF8165A7-EF9E-FB05-9720-DACE2902E338}"
EndProject
Global
	GlobalSection(SolutionConfigurationPlatforms) = preSolution
		Debug|Any CPU = Debug|Any CPU
		Release|Any CPU = Release|Any CPU
	EndGlobalSection
	GlobalSection(ProjectConfigurationPlatforms) = postSolution
		{EF8165A7-EF9E-FB05-9720-DACE2902E338}.Debug|Any CPU.ActiveCfg = Debug|Any CPU
		{EF8165A7-EF9E-FB05-9720-DACE2902E338}.Debug|Any CPU.Build.0 = Debug|Any CPU
		{EF8165A7-EF9E-FB05-9720-DACE2902E338}.Release|Any CPU.ActiveCfg = Release|Any CPU
		{EF8165A7-EF9E-FB05-9720-DACE2902E338}.Release|Any CPU.Build.0 = Release|Any CPU
	EndGlobalSection
	GlobalSection(SolutionProperties) = preSolution
		HideSolutionNode = FALSE
	EndGlobalSection
	GlobalSection(ExtensibilityGlobals) = postSolution
		SolutionGuid = {EBC5FCB3-64AA-46D0-9BEF-B1A6855DB8D5}
	EndGlobalSection
EndGlobal
